// !$*UTF8*$!
{
	archiveVersion = 1;
	classes = {
	};
	objectVersion = 46;
	objects = {

/* Begin PBXBuildFile section */
		533507851E297F3F00AB0E2B /* ElevatorController.swift in Sources */ = {isa = PBXBuildFile; fileRef = 533507841E297F3F00AB0E2B /* ElevatorController.swift */; };
		53899F311E29906500706874 /* ButtonPanelCVC.swift in Sources */ = {isa = PBXBuildFile; fileRef = 53899F301E29906500706874 /* ButtonPanelCVC.swift */; };
		53FD15BA1E297AA600EF383F /* AppDelegate.swift in Sources */ = {isa = PBXBuildFile; fileRef = 53FD15B91E297AA600EF383F /* AppDelegate.swift */; };
		53FD15BF1E297AA600EF383F /* Main.storyboard in Resources */ = {isa = PBXBuildFile; fileRef = 53FD15BD1E297AA600EF383F /* Main.storyboard */; };
		53FD15C11E297AA600EF383F /* Assets.xcassets in Resources */ = {isa = PBXBuildFile; fileRef = 53FD15C01E297AA600EF383F /* Assets.xcassets */; };
		53FD15C41E297AA600EF383F /* LaunchScreen.storyboard in Resources */ = {isa = PBXBuildFile; fileRef = 53FD15C21E297AA600EF383F /* LaunchScreen.storyboard */; };
		53FD15CF1E297AA600EF383F /* ElevatorChallengeTests.swift in Sources */ = {isa = PBXBuildFile; fileRef = 53FD15CE1E297AA600EF383F /* ElevatorChallengeTests.swift */; };
		53FD15DA1E297AA600EF383F /* ElevatorChallengeUITests.swift in Sources */ = {isa = PBXBuildFile; fileRef = 53FD15D91E297AA600EF383F /* ElevatorChallengeUITests.swift */; };
		53FD15E81E297C2000EF383F /* Elevator.swift in Sources */ = {isa = PBXBuildFile; fileRef = 53FD15E71E297C2000EF383F /* Elevator.swift */; };
/* End PBXBuildFile section */

/* Begin PBXContainerItemProxy section */
		53FD15CB1E297AA600EF383F /* PBXContainerItemProxy */ = {
			isa = PBXContainerItemProxy;
			containerPortal = 53FD15AE1E297AA600EF383F /* Project object */;
			proxyType = 1;
			remoteGlobalIDString = 53FD15B51E297AA600EF383F;
			remoteInfo = ElevatorChallenge;
		};
		53FD15D61E297AA600EF383F /* PBXContainerItemProxy */ = {
			isa = PBXContainerItemProxy;
			containerPortal = 53FD15AE1E297AA600EF383F /* Project object */;
			proxyType = 1;
			remoteGlobalIDString = 53FD15B51E297AA600EF383F;
			remoteInfo = ElevatorChallenge;
		};
/* End PBXContainerItemProxy section */

/* Begin PBXFileReference section */
		533507841E297F3F00AB0E2B /* ElevatorController.swift */ = {isa = PBXFileReference; fileEncoding = 4; lastKnownFileType = sourcecode.swift; path = ElevatorController.swift; sourceTree = "<group>"; };
		53899F301E29906500706874 /* ButtonPanelCVC.swift */ = {isa = PBXFileReference; fileEncoding = 4; lastKnownFileType = sourcecode.swift; path = ButtonPanelCVC.swift; sourceTree = "<group>"; };
		53FD15B61E297AA600EF383F /* ElevatorChallenge.app */ = {isa = PBXFileReference; explicitFileType = wrapper.application; includeInIndex = 0; path = ElevatorChallenge.app; sourceTree = BUILT_PRODUCTS_DIR; };
		53FD15B91E297AA600EF383F /* AppDelegate.swift */ = {isa = PBXFileReference; lastKnownFileType = sourcecode.swift; path = AppDelegate.swift; sourceTree = "<group>"; };
		53FD15BE1E297AA600EF383F /* Base */ = {isa = PBXFileReference; lastKnownFileType = file.storyboard; name = Base; path = Base.lproj/Main.storyboard; sourceTree = "<group>"; };
		53FD15C01E297AA600EF383F /* Assets.xcassets */ = {isa = PBXFileReference; lastKnownFileType = folder.assetcatalog; path = Assets.xcassets; sourceTree = "<group>"; };
		53FD15C31E297AA600EF383F /* Base */ = {isa = PBXFileReference; lastKnownFileType = file.storyboard; name = Base; path = Base.lproj/LaunchScreen.storyboard; sourceTree = "<group>"; };
		53FD15C51E297AA600EF383F /* Info.plist */ = {isa = PBXFileReference; lastKnownFileType = text.plist.xml; path = Info.plist; sourceTree = "<group>"; };
		53FD15CA1E297AA600EF383F /* ElevatorChallengeTests.xctest */ = {isa = PBXFileReference; explicitFileType = wrapper.cfbundle; includeInIndex = 0; path = ElevatorChallengeTests.xctest; sourceTree = BUILT_PRODUCTS_DIR; };
		53FD15CE1E297AA600EF383F /* ElevatorChallengeTests.swift */ = {isa = PBXFileReference; lastKnownFileType = sourcecode.swift; path = ElevatorChallengeTests.swift; sourceTree = "<group>"; };
		53FD15D01E297AA600EF383F /* Info.plist */ = {isa = PBXFileReference; lastKnownFileType = text.plist.xml; path = Info.plist; sourceTree = "<group>"; };
		53FD15D51E297AA600EF383F /* ElevatorChallengeUITests.xctest */ = {isa = PBXFileReference; explicitFileType = wrapper.cfbundle; includeInIndex = 0; path = ElevatorChallengeUITests.xctest; sourceTree = BUILT_PRODUCTS_DIR; };
		53FD15D91E297AA600EF383F /* ElevatorChallengeUITests.swift */ = {isa = PBXFileReference; lastKnownFileType = sourcecode.swift; path = ElevatorChallengeUITests.swift; sourceTree = "<group>"; };
		53FD15DB1E297AA600EF383F /* Info.plist */ = {isa = PBXFileReference; lastKnownFileType = text.plist.xml; path = Info.plist; sourceTree = "<group>"; };
		53FD15E71E297C2000EF383F /* Elevator.swift */ = {isa = PBXFileReference; fileEncoding = 4; lastKnownFileType = sourcecode.swift; path = Elevator.swift; sourceTree = "<group>"; };
/* End PBXFileReference section */

/* Begin PBXFrameworksBuildPhase section */
		53FD15B31E297AA600EF383F /* Frameworks */ = {
			isa = PBXFrameworksBuildPhase;
			buildActionMask = 2147483647;
			files = (
			);
			runOnlyForDeploymentPostprocessing = 0;
		};
		53FD15C71E297AA600EF383F /* Frameworks */ = {
			isa = PBXFrameworksBuildPhase;
			buildActionMask = 2147483647;
			files = (
			);
			runOnlyForDeploymentPostprocessing = 0;
		};
		53FD15D21E297AA600EF383F /* Frameworks */ = {
			isa = PBXFrameworksBuildPhase;
			buildActionMask = 2147483647;
			files = (
			);
			runOnlyForDeploymentPostprocessing = 0;
		};
/* End PBXFrameworksBuildPhase section */

/* Begin PBXGroup section */
		53FD15AD1E297AA600EF383F = {
			isa = PBXGroup;
			children = (
				53FD15B81E297AA600EF383F /* ElevatorChallenge */,
				53FD15CD1E297AA600EF383F /* ElevatorChallengeTests */,
				53FD15D81E297AA600EF383F /* ElevatorChallengeUITests */,
				53FD15B71E297AA600EF383F /* Products */,
			);
			sourceTree = "<group>";
		};
		53FD15B71E297AA600EF383F /* Products */ = {
			isa = PBXGroup;
			children = (
				53FD15B61E297AA600EF383F /* ElevatorChallenge.app */,
				53FD15CA1E297AA600EF383F /* ElevatorChallengeTests.xctest */,
				53FD15D51E297AA600EF383F /* ElevatorChallengeUITests.xctest */,
			);
			name = Products;
			sourceTree = "<group>";
		};
		53FD15B81E297AA600EF383F /* ElevatorChallenge */ = {
			isa = PBXGroup;
			children = (
				53FD15B91E297AA600EF383F /* AppDelegate.swift */,
				53FD15E71E297C2000EF383F /* Elevator.swift */,
				533507841E297F3F00AB0E2B /* ElevatorController.swift */,
				53899F301E29906500706874 /* ButtonPanelCVC.swift */,
				53FD15BD1E297AA600EF383F /* Main.storyboard */,
				53FD15C01E297AA600EF383F /* Assets.xcassets */,
				53FD15C21E297AA600EF383F /* LaunchScreen.storyboard */,
				53FD15C51E297AA600EF383F /* Info.plist */,
			);
			path = ElevatorChallenge;
			sourceTree = "<group>";
		};
		53FD15CD1E297AA600EF383F /* ElevatorChallengeTests */ = {
			isa = PBXGroup;
			children = (
				53FD15CE1E297AA600EF383F /* ElevatorChallengeTests.swift */,
				53FD15D01E297AA600EF383F /* Info.plist */,
			);
			path = ElevatorChallengeTests;
			sourceTree = "<group>";
		};
		53FD15D81E297AA600EF383F /* ElevatorChallengeUITests */ = {
			isa = PBXGroup;
			children = (
				53FD15D91E297AA600EF383F /* ElevatorChallengeUITests.swift */,
				53FD15DB1E297AA600EF383F /* Info.plist */,
			);
			path = ElevatorChallengeUITests;
			sourceTree = "<group>";
		};
/* End PBXGroup section */

/* Begin PBXNativeTarget section */
		53FD15B51E297AA600EF383F /* ElevatorChallenge */ = {
			isa = PBXNativeTarget;
			buildConfigurationList = 53FD15DE1E297AA600EF383F /* Build configuration list for PBXNativeTarget "ElevatorChallenge" */;
			buildPhases = (
				53FD15B21E297AA600EF383F /* Sources */,
				53FD15B31E297AA600EF383F /* Frameworks */,
				53FD15B41E297AA600EF383F /* Resources */,
			);
			buildRules = (
			);
			dependencies = (
			);
			name = ElevatorChallenge;
			productName = ElevatorChallenge;
			productReference = 53FD15B61E297AA600EF383F /* ElevatorChallenge.app */;
			productType = "com.apple.product-type.application";
		};
		53FD15C91E297AA600EF383F /* ElevatorChallengeTests */ = {
			isa = PBXNativeTarget;
			buildConfigurationList = 53FD15E11E297AA600EF383F /* Build configuration list for PBXNativeTarget "ElevatorChallengeTests" */;
			buildPhases = (
				53FD15C61E297AA600EF383F /* Sources */,
				53FD15C71E297AA600EF383F /* Frameworks */,
				53FD15C81E297AA600EF383F /* Resources */,
			);
			buildRules = (
			);
			dependencies = (
				53FD15CC1E297AA600EF383F /* PBXTargetDependency */,
			);
			name = ElevatorChallengeTests;
			productName = ElevatorChallengeTests;
			productReference = 53FD15CA1E297AA600EF383F /* ElevatorChallengeTests.xctest */;
			productType = "com.apple.product-type.bundle.unit-test";
		};
		53FD15D41E297AA600EF383F /* ElevatorChallengeUITests */ = {
			isa = PBXNativeTarget;
			buildConfigurationList = 53FD15E41E297AA600EF383F /* Build configuration list for PBXNativeTarget "ElevatorChallengeUITests" */;
			buildPhases = (
				53FD15D11E297AA600EF383F /* Sources */,
				53FD15D21E297AA600EF383F /* Frameworks */,
				53FD15D31E297AA600EF383F /* Resources */,
			);
			buildRules = (
			);
			dependencies = (
				53FD15D71E297AA600EF383F /* PBXTargetDependency */,
			);
			name = ElevatorChallengeUITests;
			productName = ElevatorChallengeUITests;
			productReference = 53FD15D51E297AA600EF383F /* ElevatorChallengeUITests.xctest */;
			productType = "com.apple.product-type.bundle.ui-testing";
		};
/* End PBXNativeTarget section */

/* Begin PBXProject section */
		53FD15AE1E297AA600EF383F /* Project object */ = {
			isa = PBXProject;
			attributes = {
				LastSwiftUpdateCheck = 0800;
				LastUpgradeCheck = 0800;
				TargetAttributes = {
					53FD15B51E297AA600EF383F = {
						CreatedOnToolsVersion = 8.0;
						DevelopmentTeam = 2YB784UBQA;
						ProvisioningStyle = Automatic;
					};
					53FD15C91E297AA600EF383F = {
						CreatedOnToolsVersion = 8.0;
						DevelopmentTeam = 2YB784UBQA;
						ProvisioningStyle = Automatic;
						TestTargetID = 53FD15B51E297AA600EF383F;
					};
					53FD15D41E297AA600EF383F = {
						CreatedOnToolsVersion = 8.0;
						DevelopmentTeam = 2YB784UBQA;
						ProvisioningStyle = Automatic;
						TestTargetID = 53FD15B51E297AA600EF383F;
					};
				};
			};
			buildConfigurationList = 53FD15B11E297AA600EF383F /* Build configuration list for PBXProject "ElevatorChallenge" */;
			compatibilityVersion = "Xcode 3.2";
			developmentRegion = English;
			hasScannedForEncodings = 0;
			knownRegions = (
				en,
				Base,
			);
			mainGroup = 53FD15AD1E297AA600EF383F;
			productRefGroup = 53FD15B71E297AA600EF383F /* Products */;
			projectDirPath = "";
			projectRoot = "";
			targets = (
				53FD15B51E297AA600EF383F /* ElevatorChallenge */,
				53FD15C91E297AA600EF383F /* ElevatorChallengeTests */,
				53FD15D41E297AA600EF383F /* ElevatorChallengeUITests */,
			);
		};
/* End PBXProject section */

/* Begin PBXResourcesBuildPhase section */
		53FD15B41E297AA600EF383F /* Resources */ = {
			isa = PBXResourcesBuildPhase;
			buildActionMask = 2147483647;
			files = (
				53FD15C41E297AA600EF383F /* LaunchScreen.storyboard in Resources */,
				53FD15C11E297AA600EF383F /* Assets.xcassets in Resources */,
				53FD15BF1E297AA600EF383F /* Main.storyboard in Resources */,
			);
			runOnlyForDeploymentPostprocessing = 0;
		};
		53FD15C81E297AA600EF383F /* Resources */ = {
			isa = PBXResourcesBuildPhase;
			buildActionMask = 2147483647;
			files = (
			);
			runOnlyForDeploymentPostprocessing = 0;
		};
		53FD15D31E297AA600EF383F /* Resources */ = {
			isa = PBXResourcesBuildPhase;
			buildActionMask = 2147483647;
			files = (
			);
			runOnlyForDeploymentPostprocessing = 0;
		};
/* End PBXResourcesBuildPhase section */

/* Begin PBXSourcesBuildPhase section */
		53FD15B21E297AA600EF383F /* Sources */ = {
			isa = PBXSourcesBuildPhase;
			buildActionMask = 2147483647;
			files = (
				53FD15BA1E297AA600EF383F /* AppDelegate.swift in Sources */,
				533507851E297F3F00AB0E2B /* ElevatorController.swift in Sources */,
				53FD15E81E297C2000EF383F /* Elevator.swift in Sources */,
				53899F311E29906500706874 /* ButtonPanelCVC.swift in Sources */,
			);
			runOnlyForDeploymentPostprocessing = 0;
		};
		53FD15C61E297AA600EF383F /* Sources */ = {
			isa = PBXSourcesBuildPhase;
			buildActionMask = 2147483647;
			files = (
				53FD15CF1E297AA600EF383F /* ElevatorChallengeTests.swift in Sources */,
			);
			runOnlyForDeploymentPostprocessing = 0;
		};
		53FD15D11E297AA600EF383F /* Sources */ = {
			isa = PBXSourcesBuildPhase;
			buildActionMask = 2147483647;
			files = (
				53FD15DA1E297AA600EF383F /* ElevatorChallengeUITests.swift in Sources */,
			);
			runOnlyForDeploymentPostprocessing = 0;
		};
/* End PBXSourcesBuildPhase section */

/* Begin PBXTargetDependency section */
		53FD15CC1E297AA600EF383F /* PBXTargetDependency */ = {
			isa = PBXTargetDependency;
			target = 53FD15B51E297AA600EF383F /* ElevatorChallenge */;
			targetProxy = 53FD15CB1E297AA600EF383F /* PBXContainerItemProxy */;
		};
		53FD15D71E297AA600EF383F /* PBXTargetDependency */ = {
			isa = PBXTargetDependency;
			target = 53FD15B51E297AA600EF383F /* ElevatorChallenge */;
			targetProxy = 53FD15D61E297AA600EF383F /* PBXContainerItemProxy */;
		};
/* End PBXTargetDependency section */

/* Begin PBXVariantGroup section */
		53FD15BD1E297AA600EF383F /* Main.storyboard */ = {
			isa = PBXVariantGroup;
			children = (
				53FD15BE1E297AA600EF383F /* Base */,
			);
			name = Main.storyboard;
			sourceTree = "<group>";
		};
		53FD15C21E297AA600EF383F /* LaunchScreen.storyboard */ = {
			isa = PBXVariantGroup;
			children = (
				53FD15C31E297AA600EF383F /* Base */,
			);
			name = LaunchScreen.storyboard;
			sourceTree = "<group>";
		};
/* End PBXVariantGroup section */

/* Begin XCBuildConfiguration section */
		53FD15DC1E297AA600EF383F /* Debug */ = {
			isa = XCBuildConfiguration;
			buildSettings = {
				ALWAYS_SEARCH_USER_PATHS = NO;
				CLANG_ANALYZER_NONNULL = YES;
				CLANG_CXX_LANGUAGE_STANDARD = "gnu++0x";
				CLANG_CXX_LIBRARY = "libc++";
				CLANG_ENABLE_MODULES = YES;
				CLANG_ENABLE_OBJC_ARC = YES;
				CLANG_WARN_BOOL_CONVERSION = YES;
				CLANG_WARN_CONSTANT_CONVERSION = YES;
				CLANG_WARN_DIRECT_OBJC_ISA_USAGE = YES_ERROR;
				CLANG_WARN_DOCUMENTATION_COMMENTS = YES;
				CLANG_WARN_EMPTY_BODY = YES;
				CLANG_WARN_ENUM_CONVERSION = YES;
				CLANG_WARN_INFINITE_RECURSION = YES;
				CLANG_WARN_INT_CONVERSION = YES;
				CLANG_WARN_OBJC_ROOT_CLASS = YES_ERROR;
				CLANG_WARN_SUSPICIOUS_MOVES = YES;
				CLANG_WARN_UNREACHABLE_CODE = YES;
				CLANG_WARN__DUPLICATE_METHOD_MATCH = YES;
				"CODE_SIGN_IDENTITY[sdk=iphoneos*]" = "iPhone Developer";
				COPY_PHASE_STRIP = NO;
				DEBUG_INFORMATION_FORMAT = dwarf;
				ENABLE_STRICT_OBJC_MSGSEND = YES;
				ENABLE_TESTABILITY = YES;
				GCC_C_LANGUAGE_STANDARD = gnu99;
				GCC_DYNAMIC_NO_PIC = NO;
				GCC_NO_COMMON_BLOCKS = YES;
				GCC_OPTIMIZATION_LEVEL = 0;
				GCC_PREPROCESSOR_DEFINITIONS = (
					"DEBUG=1",
					"$(inherited)",
				);
				GCC_WARN_64_TO_32_BIT_CONVERSION = YES;
				GCC_WARN_ABOUT_RETURN_TYPE = YES_ERROR;
				GCC_WARN_UNDECLARED_SELECTOR = YES;
				GCC_WARN_UNINITIALIZED_AUTOS = YES_AGGRESSIVE;
				GCC_WARN_UNUSED_FUNCTION = YES;
				GCC_WARN_UNUSED_VARIABLE = YES;
				IPHONEOS_DEPLOYMENT_TARGET = 10.0;
				MTL_ENABLE_DEBUG_INFO = YES;
				ONLY_ACTIVE_ARCH = YES;
				SDKROOT = iphoneos;
				SWIFT_ACTIVE_COMPILATION_CONDITIONS = DEBUG;
				SWIFT_OPTIMIZATION_LEVEL = "-Onone";
				TARGETED_DEVICE_FAMILY = "1,2";
			};
			name = Debug;
		};
		53FD15DD1E297AA600EF383F /* Release */ = {
			isa = XCBuildConfiguration;
			buildSettings = {
				ALWAYS_SEARCH_USER_PATHS = NO;
				CLANG_ANALYZER_NONNULL = YES;
				CLANG_CXX_LANGUAGE_STANDARD = "gnu++0x";
				CLANG_CXX_LIBRARY = "libc++";
				CLANG_ENABLE_MODULES = YES;
				CLANG_ENABLE_OBJC_ARC = YES;
				CLANG_WARN_BOOL_CONVERSION = YES;
				CLANG_WARN_CONSTANT_CONVERSION = YES;
				CLANG_WARN_DIRECT_OBJC_ISA_USAGE = YES_ERROR;
				CLANG_WARN_DOCUMENTATION_COMMENTS = YES;
				CLANG_WARN_EMPTY_BODY = YES;
				CLANG_WARN_ENUM_CONVERSION = YES;
				CLANG_WARN_INFINITE_RECURSION = YES;
				CLANG_WARN_INT_CONVERSION = YES;
				CLANG_WARN_OBJC_ROOT_CLASS = YES_ERROR;
				CLANG_WARN_SUSPICIOUS_MOVES = YES;
				CLANG_WARN_UNREACHABLE_CODE = YES;
				CLANG_WARN__DUPLICATE_METHOD_MATCH = YES;
				"CODE_SIGN_IDENTITY[sdk=iphoneos*]" = "iPhone Developer";
				COPY_PHASE_STRIP = NO;
				DEBUG_INFORMATION_FORMAT = "dwarf-with-dsym";
				ENABLE_NS_ASSERTIONS = NO;
				ENABLE_STRICT_OBJC_MSGSEND = YES;
				GCC_C_LANGUAGE_STANDARD = gnu99;
				GCC_NO_COMMON_BLOCKS = YES;
				GCC_WARN_64_TO_32_BIT_CONVERSION = YES;
				GCC_WARN_ABOUT_RETURN_TYPE = YES_ERROR;
				GCC_WARN_UNDECLARED_SELECTOR = YES;
				GCC_WARN_UNINITIALIZED_AUTOS = YES_AGGRESSIVE;
				GCC_WARN_UNUSED_FUNCTION = YES;
				GCC_WARN_UNUSED_VARIABLE = YES;
				IPHONEOS_DEPLOYMENT_TARGET = 10.0;
				MTL_ENABLE_DEBUG_INFO = NO;
				SDKROOT = iphoneos;
				SWIFT_OPTIMIZATION_LEVEL = "-Owholemodule";
				TARGETED_DEVICE_FAMILY = "1,2";
				VALIDATE_PRODUCT = YES;
			};
			name = Release;
		};
		53FD15DF1E297AA600EF383F /* Debug */ = {
			isa = XCBuildConfiguration;
			buildSettings = {
				ASSETCATALOG_COMPILER_APPICON_NAME = AppIcon;
				DEVELOPMENT_TEAM = 2YB784UBQA;
				INFOPLIST_FILE = ElevatorChallenge/Info.plist;
				LD_RUNPATH_SEARCH_PATHS = "$(inherited) @executable_path/Frameworks";
				PRODUCT_BUNDLE_IDENTIFIER = self.dlangley.ElevatorChallenge;
				PRODUCT_NAME = "$(TARGET_NAME)";
				SWIFT_VERSION = 3.0;
			};
			name = Debug;
		};
		53FD15E01E297AA600EF383F /* Release */ = {
			isa = XCBuildConfiguration;
			buildSettings = {
				ASSETCATALOG_COMPILER_APPICON_NAME = AppIcon;
				DEVELOPMENT_TEAM = 2YB784UBQA;
				INFOPLIST_FILE = ElevatorChallenge/Info.plist;
				LD_RUNPATH_SEARCH_PATHS = "$(inherited) @executable_path/Frameworks";
				PRODUCT_BUNDLE_IDENTIFIER = self.dlangley.ElevatorChallenge;
				PRODUCT_NAME = "$(TARGET_NAME)";
				SWIFT_VERSION = 3.0;
			};
			name = Release;
		};
		53FD15E21E297AA600EF383F /* Debug */ = {
			isa = XCBuildConfiguration;
			buildSettings = {
				ALWAYS_EMBED_SWIFT_STANDARD_LIBRARIES = YES;
				BUNDLE_LOADER = "$(TEST_HOST)";
				DEVELOPMENT_TEAM = 2YB784UBQA;
				INFOPLIST_FILE = ElevatorChallengeTests/Info.plist;
				LD_RUNPATH_SEARCH_PATHS = "$(inherited) @executable_path/Frameworks @loader_path/Frameworks";
				PRODUCT_BUNDLE_IDENTIFIER = self.dlangley.ElevatorChallengeTests;
				PRODUCT_NAME = "$(TARGET_NAME)";
				SWIFT_VERSION = 3.0;
				TEST_HOST = "$(BUILT_PRODUCTS_DIR)/ElevatorChallenge.app/ElevatorChallenge";
			};
			name = Debug;
		};
		53FD15E31E297AA600EF383F /* Release */ = {
			isa = XCBuildConfiguration;
			buildSettings = {
				ALWAYS_EMBED_SWIFT_STANDARD_LIBRARIES = YES;
				BUNDLE_LOADER = "$(TEST_HOST)";
				DEVELOPMENT_TEAM = 2YB784UBQA;
				INFOPLIST_FILE = ElevatorChallengeTests/Info.plist;
				LD_RUNPATH_SEARCH_PATHS = "$(inherited) @executable_path/Frameworks @loader_path/Frameworks";
				PRODUCT_BUNDLE_IDENTIFIER = self.dlangley.ElevatorChallengeTests;
				PRODUCT_NAME = "$(TARGET_NAME)";
				SWIFT_VERSION = 3.0;
				TEST_HOST = "$(BUILT_PRODUCTS_DIR)/ElevatorChallenge.app/ElevatorChallenge";
			};
			name = Release;
		};
		53FD15E51E297AA600EF383F /* Debug */ = {
			isa = XCBuildConfiguration;
			buildSettings = {
				ALWAYS_EMBED_SWIFT_STANDARD_LIBRARIES = YES;
				DEVELOPMENT_TEAM = 2YB784UBQA;
				INFOPLIST_FILE = ElevatorChallengeUITests/Info.plist;
				LD_RUNPATH_SEARCH_PATHS = "$(inherited) @executable_path/Frameworks @loader_path/Frameworks";
				PRODUCT_BUNDLE_IDENTIFIER = self.dlangley.ElevatorChallengeUITests;
				PRODUCT_NAME = "$(TARGET_NAME)";
				SWIFT_VERSION = 3.0;
				TEST_TARGET_NAME = ElevatorChallenge;
			};
			name = Debug;
		};
		53FD15E61E297AA600EF383F /* Release */ = {
			isa = XCBuildConfiguration;
			buildSettings = {
				ALWAYS_EMBED_SWIFT_STANDARD_LIBRARIES = YES;
				DEVELOPMENT_TEAM = 2YB784UBQA;
				INFOPLIST_FILE = ElevatorChallengeUITests/Info.plist;
				LD_RUNPATH_SEARCH_PATHS = "$(inherited) @executable_path/Frameworks @loader_path/Frameworks";
				PRODUCT_BUNDLE_IDENTIFIER = self.dlangley.ElevatorChallengeUITests;
				PRODUCT_NAME = "$(TARGET_NAME)";
				SWIFT_VERSION = 3.0;
				TEST_TARGET_NAME = ElevatorChallenge;
			};
			name = Release;
		};
/* End XCBuildConfiguration section */

/* Begin XCConfigurationList section */
		53FD15B11E297AA600EF383F /* Build configuration list for PBXProject "ElevatorChallenge" */ = {
			isa = XCConfigurationList;
			buildConfigurations = (
				53FD15DC1E297AA600EF383F /* Debug */,
				53FD15DD1E297AA600EF383F /* Release */,
			);
			defaultConfigurationIsVisible = 0;
			defaultConfigurationName = Release;
		};
		53FD15DE1E297AA600EF383F /* Build configuration list for PBXNativeTarget "ElevatorChallenge" */ = {
			isa = XCConfigurationList;
			buildConfigurations = (
				53FD15DF1E297AA600EF383F /* Debug */,
				53FD15E01E297AA600EF383F /* Release */,
			);
			defaultConfigurationIsVisible = 0;
			defaultConfigurationName = Release;
		};
		53FD15E11E297AA600EF383F /* Build configuration list for PBXNativeTarget "ElevatorChallengeTests" */ = {
			isa = XCConfigurationList;
			buildConfigurations = (
				53FD15E21E297AA600EF383F /* Debug */,
				53FD15E31E297AA600EF383F /* Release */,
			);
			defaultConfigurationIsVisible = 0;
			defaultConfigurationName = Release;
		};
		53FD15E41E297AA600EF383F /* Build configuration list for PBXNativeTarget "ElevatorChallengeUITests" */ = {
			isa = XCConfigurationList;
			buildConfigurations = (
				53FD15E51E297AA600EF383F /* Debug */,
				53FD15E61E297AA600EF383F /* Release */,
			);
			defaultConfigurationIsVisible = 0;
			defaultConfigurationName = Release;
		};
/* End XCConfigurationList section */
	};
	rootObject = 53FD15AE1E297AA600EF383F /* Project object */;
}
